// !$*UTF8*$!
{
	archiveVersion = 1;
	classes = {
	};
	objectVersion = 50;
	objects = {

/* Begin PBXBuildFile section */
		5C203C8A2658CBDE00A331E6 /* AppDelegate.swift in Sources */ = {isa = PBXBuildFile; fileRef = 5C203C892658CBDE00A331E6 /* AppDelegate.swift */; };
		5C203C8C2658CBDE00A331E6 /* SceneDelegate.swift in Sources */ = {isa = PBXBuildFile; fileRef = 5C203C8B2658CBDE00A331E6 /* SceneDelegate.swift */; };
		5C203C8E2658CBDE00A331E6 /* ViewController.swift in Sources */ = {isa = PBXBuildFile; fileRef = 5C203C8D2658CBDE00A331E6 /* ViewController.swift */; };
		5C203C912658CBDE00A331E6 /* Main.storyboard in Resources */ = {isa = PBXBuildFile; fileRef = 5C203C8F2658CBDE00A331E6 /* Main.storyboard */; };
		5C203C932658CBE100A331E6 /* Assets.xcassets in Resources */ = {isa = PBXBuildFile; fileRef = 5C203C922658CBE100A331E6 /* Assets.xcassets */; };
		5C203C962658CBE100A331E6 /* LaunchScreen.storyboard in Resources */ = {isa = PBXBuildFile; fileRef = 5C203C942658CBE100A331E6 /* LaunchScreen.storyboard */; };
		5C203C9E2658CBF900A331E6 /* MyImageClassifier 1.mlmodel in Sources */ = {isa = PBXBuildFile; fileRef = 5C203C9D2658CBF900A331E6 /* MyImageClassifier 1.mlmodel */; };
/* End PBXBuildFile section */

/* Begin PBXFileReference section */
		5C203C862658CBDE00A331E6 /* FindAnimal.app */ = {isa = PBXFileReference; explicitFileType = wrapper.application; includeInIndex = 0; path = FindAnimal.app; sourceTree = BUILT_PRODUCTS_DIR; };
		5C203C892658CBDE00A331E6 /* AppDelegate.swift */ = {isa = PBXFileReference; lastKnownFileType = sourcecode.swift; path = AppDelegate.swift; sourceTree = "<group>"; };
		5C203C8B2658CBDE00A331E6 /* SceneDelegate.swift */ = {isa = PBXFileReference; lastKnownFileType = sourcecode.swift; path = SceneDelegate.swift; sourceTree = "<group>"; };
		5C203C8D2658CBDE00A331E6 /* ViewController.swift */ = {isa = PBXFileReference; lastKnownFileType = sourcecode.swift; path = ViewController.swift; sourceTree = "<group>"; };
		5C203C902658CBDE00A331E6 /* Base */ = {isa = PBXFileReference; lastKnownFileType = file.storyboard; name = Base; path = Base.lproj/Main.storyboard; sourceTree = "<group>"; };
		5C203C922658CBE100A331E6 /* Assets.xcassets */ = {isa = PBXFileReference; lastKnownFileType = folder.assetcatalog; path = Assets.xcassets; sourceTree = "<group>"; };
		5C203C952658CBE100A331E6 /* Base */ = {isa = PBXFileReference; lastKnownFileType = file.storyboard; name = Base; path = Base.lproj/LaunchScreen.storyboard; sourceTree = "<group>"; };
		5C203C972658CBE100A331E6 /* Info.plist */ = {isa = PBXFileReference; lastKnownFileType = text.plist.xml; path = Info.plist; sourceTree = "<group>"; };
		5C203C9D2658CBF900A331E6 /* MyImageClassifier 1.mlmodel */ = {isa = PBXFileReference; lastKnownFileType = file.mlmodel; name = "MyImageClassifier 1.mlmodel"; path = "../../MyImageClassifier 1.mlmodel"; sourceTree = "<group>"; };
/* End PBXFileReference section */

/* Begin PBXFrameworksBuildPhase section */
		5C203C832658CBDE00A331E6 /* Frameworks */ = {
			isa = PBXFrameworksBuildPhase;
			buildActionMask = 2147483647;
			files = (
			);
			runOnlyForDeploymentPostprocessing = 0;
		};
/* End PBXFrameworksBuildPhase section */

/* Begin PBXGroup section */
		5C203C7D2658CBDD00A331E6 = {
			isa = PBXGroup;
			children = (
				5C203C882658CBDE00A331E6 /* FindAnimal */,
				5C203C872658CBDE00A331E6 /* Products */,
			);
			sourceTree = "<group>";
		};
		5C203C872658CBDE00A331E6 /* Products */ = {
			isa = PBXGroup;
			children = (
				5C203C862658CBDE00A331E6 /* FindAnimal.app */,
			);
			name = Products;
			sourceTree = "<group>";
		};
		5C203C882658CBDE00A331E6 /* FindAnimal */ = {
			isa = PBXGroup;
			children = (
				5C203C892658CBDE00A331E6 /* AppDelegate.swift */,
				5C203C8B2658CBDE00A331E6 /* SceneDelegate.swift */,
				5C203C8D2658CBDE00A331E6 /* ViewController.swift */,
				5C203C9D2658CBF900A331E6 /* MyImageClassifier 1.mlmodel */,
				5C203C8F2658CBDE00A331E6 /* Main.storyboard */,
				5C203C922658CBE100A331E6 /* Assets.xcassets */,
				5C203C942658CBE100A331E6 /* LaunchScreen.storyboard */,
				5C203C972658CBE100A331E6 /* Info.plist */,
			);
			path = FindAnimal;
			sourceTree = "<group>";
		};
/* End PBXGroup section */

/* Begin PBXNativeTarget section */
		5C203C852658CBDE00A331E6 /* FindAnimal */ = {
			isa = PBXNativeTarget;
			buildConfigurationList = 5C203C9A2658CBE100A331E6 /* Build configuration list for PBXNativeTarget "FindAnimal" */;
			buildPhases = (
				5C203C822658CBDE00A331E6 /* Sources */,
				5C203C832658CBDE00A331E6 /* Frameworks */,
				5C203C842658CBDE00A331E6 /* Resources */,
			);
			buildRules = (
			);
			dependencies = (
			);
			name = FindAnimal;
			productName = FindAnimal;
			productReference = 5C203C862658CBDE00A331E6 /* FindAnimal.app */;
			productType = "com.apple.product-type.application";
		};
/* End PBXNativeTarget section */

/* Begin PBXProject section */
		5C203C7E2658CBDD00A331E6 /* Project object */ = {
			isa = PBXProject;
			attributes = {
				LastSwiftUpdateCheck = 1250;
				LastUpgradeCheck = 1250;
				TargetAttributes = {
					5C203C852658CBDE00A331E6 = {
						CreatedOnToolsVersion = 12.5;
					};
				};
			};
			buildConfigurationList = 5C203C812658CBDE00A331E6 /* Build configuration list for PBXProject "FindAnimal" */;
			compatibilityVersion = "Xcode 9.3";
			developmentRegion = en;
			hasScannedForEncodings = 0;
			knownRegions = (
				en,
				Base,
			);
			mainGroup = 5C203C7D2658CBDD00A331E6;
			productRefGroup = 5C203C872658CBDE00A331E6 /* Products */;
			projectDirPath = "";
			projectRoot = "";
			targets = (
				5C203C852658CBDE00A331E6 /* FindAnimal */,
			);
		};
/* End PBXProject section */

/* Begin PBXResourcesBuildPhase section */
		5C203C842658CBDE00A331E6 /* Resources */ = {
			isa = PBXResourcesBuildPhase;
			buildActionMask = 2147483647;
			files = (
				5C203C962658CBE100A331E6 /* LaunchScreen.storyboard in Resources */,
				5C203C932658CBE100A331E6 /* Assets.xcassets in Resources */,
				5C203C912658CBDE00A331E6 /* Main.storyboard in Resources */,
			);
			runOnlyForDeploymentPostprocessing = 0;
		};
/* End PBXResourcesBuildPhase section */

/* Begin PBXSourcesBuildPhase section */
		5C203C822658CBDE00A331E6 /* Sources */ = {
			isa = PBXSourcesBuildPhase;
			buildActionMask = 2147483647;
			files = (
				5C203C8E2658CBDE00A331E6 /* ViewController.swift in Sources */,
				5C203C8A2658CBDE00A331E6 /* AppDelegate.swift in Sources */,
				5C203C9E2658CBF900A331E6 /* MyImageClassifier 1.mlmodel in Sources */,
				5C203C8C2658CBDE00A331E6 /* SceneDelegate.swift in Sources */,
			);
			runOnlyForDeploymentPostprocessing = 0;
		};
/* End PBXSourcesBuildPhase section */

/* Begin PBXVariantGroup section */
		5C203C8F2658CBDE00A331E6 /* Main.storyboard */ = {
			isa = PBXVariantGroup;
			children = (
				5C203C902658CBDE00A331E6 /* Base */,
			);
			name = Main.storyboard;
			sourceTree = "<group>";
		};
		5C203C942658CBE100A331E6 /* LaunchScreen.storyboard */ = {
			isa = PBXVariantGroup;
			children = (
				5C203C952658CBE100A331E6 /* Base */,
			);
			name = LaunchScreen.storyboard;
			sourceTree = "<group>";
		};
/* End PBXVariantGroup section */

/* Begin XCBuildConfiguration section */
		5C203C982658CBE100A331E6 /* Debug */ = {
			isa = XCBuildConfiguration;
			buildSettings = {
				ALWAYS_SEARCH_USER_PATHS = NO;
				CLANG_ANALYZER_NONNULL = YES;
				CLANG_ANALYZER_NUMBER_OBJECT_CONVERSION = YES_AGGRESSIVE;
				CLANG_CXX_LANGUAGE_STANDARD = "gnu++14";
				CLANG_CXX_LIBRARY = "libc++";
				CLANG_ENABLE_MODULES = YES;
				CLANG_ENABLE_OBJC_ARC = YES;
				CLANG_ENABLE_OBJC_WEAK = YES;
				CLANG_WARN_BLOCK_CAPTURE_AUTORELEASING = YES;
				CLANG_WARN_BOOL_CONVERSION = YES;
				CLANG_WARN_COMMA = YES;
				CLANG_WARN_CONSTANT_CONVERSION = YES;
				CLANG_WARN_DEPRECATED_OBJC_IMPLEMENTATIONS = YES;
				CLANG_WARN_DIRECT_OBJC_ISA_USAGE = YES_ERROR;
				CLANG_WARN_DOCUMENTATION_COMMENTS = YES;
				CLANG_WARN_EMPTY_BODY = YES;
				CLANG_WARN_ENUM_CONVERSION = YES;
				CLANG_WARN_INFINITE_RECURSION = YES;
				CLANG_WARN_INT_CONVERSION = YES;
				CLANG_WARN_NON_LITERAL_NULL_CONVERSION = YES;
				CLANG_WARN_OBJC_IMPLICIT_RETAIN_SELF = YES;
				CLANG_WARN_OBJC_LITERAL_CONVERSION = YES;
				CLANG_WARN_OBJC_ROOT_CLASS = YES_ERROR;
				CLANG_WARN_QUOTED_INCLUDE_IN_FRAMEWORK_HEADER = YES;
				CLANG_WARN_RANGE_LOOP_ANALYSIS = YES;
				CLANG_WARN_STRICT_PROTOTYPES = YES;
				CLANG_WARN_SUSPICIOUS_MOVE = YES;
				CLANG_WARN_UNGUARDED_AVAILABILITY = YES_AGGRESSIVE;
				CLANG_WARN_UNREACHABLE_CODE = YES;
				CLANG_WARN__DUPLICATE_METHOD_MATCH = YES;
				COPY_PHASE_STRIP = NO;
				DEBUG_INFORMATION_FORMAT = dwarf;
				ENABLE_STRICT_OBJC_MSGSEND = YES;
				ENABLE_TESTABILITY = YES;
				GCC_C_LANGUAGE_STANDARD = gnu11;
				GCC_DYNAMIC_NO_PIC = NO;
				GCC_NO_COMMON_BLOCKS = YES;
				GCC_OPTIMIZATION_LEVEL = 0;
				GCC_PREPROCESSOR_DEFINITIONS = (
					"DEBUG=1",
					"$(inherited)",
				);
				GCC_WARN_64_TO_32_BIT_CONVERSION = YES;
				GCC_WARN_ABOUT_RETURN_TYPE = YES_ERROR;
				GCC_WARN_UNDECLARED_SELECTOR = YES;
				GCC_WARN_UNINITIALIZED_AUTOS = YES_AGGRESSIVE;
				GCC_WARN_UNUSED_FUNCTION = YES;
				GCC_WARN_UNUSED_VARIABLE = YES;
				IPHONEOS_DEPLOYMENT_TARGET = 14.5;
				MTL_ENABLE_DEBUG_INFO = INCLUDE_SOURCE;
				MTL_FAST_MATH = YES;
				ONLY_ACTIVE_ARCH = YES;
				SDKROOT = iphoneos;
				SWIFT_ACTIVE_COMPILATION_CONDITIONS = DEBUG;
				SWIFT_OPTIMIZATION_LEVEL = "-Onone";
			};
			name = Debug;
		};
		5C203C992658CBE100A331E6 /* Release */ = {
			isa = XCBuildConfiguration;
			buildSettings = {
				ALWAYS_SEARCH_USER_PATHS = NO;
				CLANG_ANALYZER_NONNULL = YES;
				CLANG_ANALYZER_NUMBER_OBJECT_CONVERSION = YES_AGGRESSIVE;
				CLANG_CXX_LANGUAGE_STANDARD = "gnu++14";
				CLANG_CXX_LIBRARY = "libc++";
				CLANG_ENABLE_MODULES = YES;
				CLANG_ENABLE_OBJC_ARC = YES;
				CLANG_ENABLE_OBJC_WEAK = YES;
				CLANG_WARN_BLOCK_CAPTURE_AUTORELEASING = YES;
				CLANG_WARN_BOOL_CONVERSION = YES;
				CLANG_WARN_COMMA = YES;
				CLANG_WARN_CONSTANT_CONVERSION = YES;
				CLANG_WARN_DEPRECATED_OBJC_IMPLEMENTATIONS = YES;
				CLANG_WARN_DIRECT_OBJC_ISA_USAGE = YES_ERROR;
				CLANG_WARN_DOCUMENTATION_COMMENTS = YES;
				CLANG_WARN_EMPTY_BODY = YES;
				CLANG_WARN_ENUM_CONVERSION = YES;
				CLANG_WARN_INFINITE_RECURSION = YES;
				CLANG_WARN_INT_CONVERSION = YES;
				CLANG_WARN_NON_LITERAL_NULL_CONVERSION = YES;
				CLANG_WARN_OBJC_IMPLICIT_RETAIN_SELF = YES;
				CLANG_WARN_OBJC_LITERAL_CONVERSION = YES;
				CLANG_WARN_OBJC_ROOT_CLASS = YES_ERROR;
				CLANG_WARN_QUOTED_INCLUDE_IN_FRAMEWORK_HEADER = YES;
				CLANG_WARN_RANGE_LOOP_ANALYSIS = YES;
				CLANG_WARN_STRICT_PROTOTYPES = YES;
				CLANG_WARN_SUSPICIOUS_MOVE = YES;
				CLANG_WARN_UNGUARDED_AVAILABILITY = YES_AGGRESSIVE;
				CLANG_WARN_UNREACHABLE_CODE = YES;
				CLANG_WARN__DUPLICATE_METHOD_MATCH = YES;
				COPY_PHASE_STRIP = NO;
				DEBUG_INFORMATION_FORMAT = "dwarf-with-dsym";
				ENABLE_NS_ASSERTIONS = NO;
				ENABLE_STRICT_OBJC_MSGSEND = YES;
				GCC_C_LANGUAGE_STANDARD = gnu11;
				GCC_NO_COMMON_BLOCKS = YES;
				GCC_WARN_64_TO_32_BIT_CONVERSION = YES;
				GCC_WARN_ABOUT_RETURN_TYPE = YES_ERROR;
				GCC_WARN_UNDECLARED_SELECTOR = YES;
				GCC_WARN_UNINITIALIZED_AUTOS = YES_AGGRESSIVE;
				GCC_WARN_UNUSED_FUNCTION = YES;
				GCC_WARN_UNUSED_VARIABLE = YES;
				IPHONEOS_DEPLOYMENT_TARGET = 14.5;
				MTL_ENABLE_DEBUG_INFO = NO;
				MTL_FAST_MATH = YES;
				SDKROOT = iphoneos;
				SWIFT_COMPILATION_MODE = wholemodule;
				SWIFT_OPTIMIZATION_LEVEL = "-O";
				VALIDATE_PRODUCT = YES;
			};
			name = Release;
		};
		5C203C9B2658CBE100A331E6 /* Debug */ = {
			isa = XCBuildConfiguration;
			buildSettings = {
				ASSETCATALOG_COMPILER_APPICON_NAME = AppIcon;
				ASSETCATALOG_COMPILER_GLOBAL_ACCENT_COLOR_NAME = AccentColor;
				CODE_SIGN_STYLE = Automatic;
				DEVELOPMENT_TEAM = JH3P7U29VC;
				INFOPLIST_FILE = FindAnimal/Info.plist;
				LD_RUNPATH_SEARCH_PATHS = (
					"$(inherited)",
					"@executable_path/Frameworks",
				);
				PRODUCT_BUNDLE_IDENTIFIER = jsm.FindAnimal;
				PRODUCT_NAME = "$(TARGET_NAME)";
				SWIFT_VERSION = 5.0;
				TARGETED_DEVICE_FAMILY = "1,2";
			};
			name = Debug;
		};
		5C203C9C2658CBE100A331E6 /* Release */ = {
			isa = XCBuildConfiguration;
			buildSettings = {
				ASSETCATALOG_COMPILER_APPICON_NAME = AppIcon;
				ASSETCATALOG_COMPILER_GLOBAL_ACCENT_COLOR_NAME = AccentColor;
				CODE_SIGN_STYLE = Automatic;
				DEVELOPMENT_TEAM = JH3P7U29VC;
				INFOPLIST_FILE = FindAnimal/Info.plist;
				LD_RUNPATH_SEARCH_PATHS = (
					"$(inherited)",
					"@executable_path/Frameworks",
				);
				PRODUCT_BUNDLE_IDENTIFIER = jsm.FindAnimal;
				PRODUCT_NAME = "$(TARGET_NAME)";
				SWIFT_VERSION = 5.0;
				TARGETED_DEVICE_FAMILY = "1,2";
			};
			name = Release;
		};
/* End XCBuildConfiguration section */

/* Begin XCConfigurationList section */
		5C203C812658CBDE00A331E6 /* Build configuration list for PBXProject "FindAnimal" */ = {
			isa = XCConfigurationList;
			buildConfigurations = (
				5C203C982658CBE100A331E6 /* Debug */,
				5C203C992658CBE100A331E6 /* Release */,
			);
			defaultConfigurationIsVisible = 0;
			defaultConfigurationName = Release;
		};
		5C203C9A2658CBE100A331E6 /* Build configuration list for PBXNativeTarget "FindAnimal" */ = {
			isa = XCConfigurationList;
			buildConfigurations = (
				5C203C9B2658CBE100A331E6 /* Debug */,
				5C203C9C2658CBE100A331E6 /* Release */,
			);
			defaultConfigurationIsVisible = 0;
			defaultConfigurationName = Release;
		};
/* End XCConfigurationList section */
	};
	rootObject = 5C203C7E2658CBDD00A331E6 /* Project object */;
}
